
Microsoft Visual Studio Solution File, Format Version 12.00
# Visual Studio Version 17
VisualStudioVersion = 17.14.36121.58
MinimumVisualStudioVersion = 10.0.40219.1
Project("{FAE04EC0-301F-11D3-BF4B-00C04F79EFBC}") = "ArslanProjectManager.Core", "ArslanProjectManager.Core\ArslanProjectManager.Core.csproj", "{3704A3D1-8EF3-43BE-A6FF-8D6FABED92F6}"
EndProject
Project("{FAE04EC0-301F-11D3-BF4B-00C04F79EFBC}") = "ArslanProjectManager.Repository", "ArslanProjectManager.Repository\ArslanProjectManager.Repository.csproj", "{97CC96C8-A39B-450A-AAFC-A22876E7F3EC}"
EndProject
Project("{FAE04EC0-301F-11D3-BF4B-00C04F79EFBC}") = "ArslanProjectManager.Service", "ArslanProjectManager.Service\ArslanProjectManager.Service.csproj", "{BA3EAD1B-79B8-4CE0-90D9-A3E34DB6EB65}"
	ProjectSection(ProjectDependencies) = postProject
		{3704A3D1-8EF3-43BE-A6FF-8D6FABED92F6} = {3704A3D1-8EF3-43BE-A6FF-8D6FABED92F6}
	EndProjectSection
EndProject
Project("{FAE04EC0-301F-11D3-BF4B-00C04F79EFBC}") = "ArslanProjectManager.API", "ArslanProjectManager.API\ArslanProjectManager.API.csproj", "{2AD5F289-4081-43C6-BAA7-91D506D2EF1E}"
	ProjectSection(ProjectDependencies) = postProject
		{97CC96C8-A39B-450A-AAFC-A22876E7F3EC} = {97CC96C8-A39B-450A-AAFC-A22876E7F3EC}
	EndProjectSection
EndProject
Project("{FAE04EC0-301F-11D3-BF4B-00C04F79EFBC}") = "ArslanProjectManager.WebUI", "ArslanProjectManager.WebUI\ArslanProjectManager.WebUI.csproj", "{51F8F31F-5011-9C5D-E711-55561182A8A0}"
EndProject
Project("{FAE04EC0-301F-11D3-BF4B-00C04F79EFBC}") = "ArslanProjectManager.MobileUI", "ArslanProjectManager.MobileUI\ArslanProjectManager.MobileUI.csproj", "{716ACE27-EC0E-418B-8D65-47A00B402855}"
	ProjectSection(ProjectDependencies) = postProject
		{2AD5F289-4081-43C6-BAA7-91D506D2EF1E} = {2AD5F289-4081-43C6-BAA7-91D506D2EF1E}
		{3704A3D1-8EF3-43BE-A6FF-8D6FABED92F6} = {3704A3D1-8EF3-43BE-A6FF-8D6FABED92F6}
	EndProjectSection
EndProject
Global
	GlobalSection(SolutionConfigurationPlatforms) = preSolution
		Debug|Any CPU = Debug|Any CPU
		Release|Any CPU = Release|Any CPU
	EndGlobalSection
	GlobalSection(ProjectConfigurationPlatforms) = postSolution
		{3704A3D1-8EF3-43BE-A6FF-8D6FABED92F6}.Debug|Any CPU.ActiveCfg = Debug|Any CPU
		{3704A3D1-8EF3-43BE-A6FF-8D6FABED92F6}.Debug|Any CPU.Build.0 = Debug|Any CPU
		{3704A3D1-8EF3-43BE-A6FF-8D6FABED92F6}.Release|Any CPU.ActiveCfg = Release|Any CPU
		{3704A3D1-8EF3-43BE-A6FF-8D6FABED92F6}.Release|Any CPU.Build.0 = Release|Any CPU
		{97CC96C8-A39B-450A-AAFC-A22876E7F3EC}.Debug|Any CPU.ActiveCfg = Debug|Any CPU
		{97CC96C8-A39B-450A-AAFC-A22876E7F3EC}.Debug|Any CPU.Build.0 = Debug|Any CPU
		{97CC96C8-A39B-450A-AAFC-A22876E7F3EC}.Release|Any CPU.ActiveCfg = Release|Any CPU
		{97CC96C8-A39B-450A-AAFC-A22876E7F3EC}.Release|Any CPU.Build.0 = Release|Any CPU
		{BA3EAD1B-79B8-4CE0-90D9-A3E34DB6EB65}.Debug|Any CPU.ActiveCfg = Debug|Any CPU
		{BA3EAD1B-79B8-4CE0-90D9-A3E34DB6EB65}.Debug|Any CPU.Build.0 = Debug|Any CPU
		{BA3EAD1B-79B8-4CE0-90D9-A3E34DB6EB65}.Release|Any CPU.ActiveCfg = Release|Any CPU
		{BA3EAD1B-79B8-4CE0-90D9-A3E34DB6EB65}.Release|Any CPU.Build.0 = Release|Any CPU
		{2AD5F289-4081-43C6-BAA7-91D506D2EF1E}.Debug|Any CPU.ActiveCfg = Debug|Any CPU
		{2AD5F289-4081-43C6-BAA7-91D506D2EF1E}.Debug|Any CPU.Build.0 = Debug|Any CPU
		{2AD5F289-4081-43C6-BAA7-91D506D2EF1E}.Release|Any CPU.ActiveCfg = Release|Any CPU
		{2AD5F289-4081-43C6-BAA7-91D506D2EF1E}.Release|Any CPU.Build.0 = Release|Any CPU
		{51F8F31F-5011-9C5D-E711-55561182A8A0}.Debug|Any CPU.ActiveCfg = Debug|Any CPU
		{51F8F31F-5011-9C5D-E711-55561182A8A0}.Debug|Any CPU.Build.0 = Debug|Any CPU
		{51F8F31F-5011-9C5D-E711-55561182A8A0}.Release|Any CPU.ActiveCfg = Release|Any CPU
		{51F8F31F-5011-9C5D-E711-55561182A8A0}.Release|Any CPU.Build.0 = Release|Any CPU
		{716ACE27-EC0E-418B-8D65-47A00B402855}.Debug|Any CPU.ActiveCfg = Debug|Any CPU
		{716ACE27-EC0E-418B-8D65-47A00B402855}.Debug|Any CPU.Build.0 = Debug|Any CPU
		{716ACE27-EC0E-418B-8D65-47A00B402855}.Debug|Any CPU.Deploy.0 = Debug|Any CPU
		{716ACE27-EC0E-418B-8D65-47A00B402855}.Release|Any CPU.ActiveCfg = Release|Any CPU
		{716ACE27-EC0E-418B-8D65-47A00B402855}.Release|Any CPU.Build.0 = Release|Any CPU
		{716ACE27-EC0E-418B-8D65-47A00B402855}.Release|Any CPU.Deploy.0 = Release|Any CPU
	EndGlobalSection
	GlobalSection(SolutionProperties) = preSolution
		HideSolutionNode = FALSE
	EndGlobalSection
	GlobalSection(ExtensibilityGlobals) = postSolution
		SolutionGuid = {411114E4-2A49-460C-B5FD-8222555DAC5E}
	EndGlobalSection
EndGlobal
